
Microsoft Visual Studio Solution File, Format Version 12.00
# Visual Studio Version 17
VisualStudioVersion = 17.7.34221.43
MinimumVisualStudioVersion = 10.0.40219.1
Project("{FAE04EC0-301F-11D3-BF4B-00C04F79EFBC}") = "DataAccess", "DataAccess\DataAccess.csproj", "{B3886979-364F-4E3A-94DE-466CF31F0B23}"
EndProject
Global
	GlobalSection(SolutionConfigurationPlatforms) = preSolution
		Debug|Any CPU = Debug|Any CPU
		Release|Any CPU = Release|Any CPU
	EndGlobalSection
	GlobalSection(ProjectConfigurationPlatforms) = postSolution
		{B3886979-364F-4E3A-94DE-466CF31F0B23}.Debug|Any CPU.ActiveCfg = Debug|Any CPU
		{B3886979-364F-4E3A-94DE-466CF31F0B23}.Debug|Any CPU.Build.0 = Debug|Any CPU
		{B3886979-364F-4E3A-94DE-466CF31F0B23}.Release|Any CPU.ActiveCfg = Release|Any CPU
		{B3886979-364F-4E3A-94DE-466CF31F0B23}.Release|Any CPU.Build.0 = Release|Any CPU
	EndGlobalSection
	GlobalSection(SolutionProperties) = preSolution
		HideSolutionNode = FALSE
	EndGlobalSection
	GlobalSection(ExtensibilityGlobals) = postSolution
		SolutionGuid = {B75D4CA0-7A17-4936-868C-6104B4C8E2B7}
	EndGlobalSection
EndGlobal
